
Microsoft Visual Studio Solution File, Format Version 12.00
# Visual Studio Version 17
VisualStudioVersion = 17.6.33801.468
MinimumVisualStudioVersion = 10.0.40219.1
Project("{FAE04EC0-301F-11D3-BF4B-00C04F79EFBC}") = "string tesk-2", "string tesk-2\string tesk-2.csproj", "{A9B44623-5691-45DF-8B62-ED6F2457E3C0}"
EndProject
Global
	GlobalSection(SolutionConfigurationPlatforms) = preSolution
		Debug|Any CPU = Debug|Any CPU
		Release|Any CPU = Release|Any CPU
	EndGlobalSection
	GlobalSection(ProjectConfigurationPlatforms) = postSolution
		{A9B44623-5691-45DF-8B62-ED6F2457E3C0}.Debug|Any CPU.ActiveCfg = Debug|Any CPU
		{A9B44623-5691-45DF-8B62-ED6F2457E3C0}.Debug|Any CPU.Build.0 = Debug|Any CPU
		{A9B44623-5691-45DF-8B62-ED6F2457E3C0}.Release|Any CPU.ActiveCfg = Release|Any CPU
		{A9B44623-5691-45DF-8B62-ED6F2457E3C0}.Release|Any CPU.Build.0 = Release|Any CPU
	EndGlobalSection
	GlobalSection(SolutionProperties) = preSolution
		HideSolutionNode = FALSE
	EndGlobalSection
	GlobalSection(ExtensibilityGlobals) = postSolution
		SolutionGuid = {A5730F29-07B6-461C-857C-312017ED57DC}
	EndGlobalSection
EndGlobal
